// !$*UTF8*$!
{
	archiveVersion = 1;
	classes = {
	};
	objectVersion = 56;
	objects = {

/* Begin PBXBuildFile section */
		E25BD2AF2A3C109000DB8AC4 /* DevoteApp.swift in Sources */ = {isa = PBXBuildFile; fileRef = E25BD2AE2A3C109000DB8AC4 /* DevoteApp.swift */; };
		E25BD2B12A3C109000DB8AC4 /* ContentView.swift in Sources */ = {isa = PBXBuildFile; fileRef = E25BD2B02A3C109000DB8AC4 /* ContentView.swift */; };
		E25BD2B32A3C109600DB8AC4 /* Assets.xcassets in Resources */ = {isa = PBXBuildFile; fileRef = E25BD2B22A3C109600DB8AC4 /* Assets.xcassets */; };
		E25BD2B62A3C109600DB8AC4 /* Preview Assets.xcassets in Resources */ = {isa = PBXBuildFile; fileRef = E25BD2B52A3C109600DB8AC4 /* Preview Assets.xcassets */; };
		E25BD2B82A3C109600DB8AC4 /* Persistence.swift in Sources */ = {isa = PBXBuildFile; fileRef = E25BD2B72A3C109600DB8AC4 /* Persistence.swift */; };
		E25BD2BB2A3C109600DB8AC4 /* Devote.xcdatamodeld in Sources */ = {isa = PBXBuildFile; fileRef = E25BD2B92A3C109600DB8AC4 /* Devote.xcdatamodeld */; };
		E25BD2C42A3C131800DB8AC4 /* sound-ding.mp3 in Resources */ = {isa = PBXBuildFile; fileRef = E25BD2C12A3C131800DB8AC4 /* sound-ding.mp3 */; };
		E25BD2C52A3C131800DB8AC4 /* sound-rise.mp3 in Resources */ = {isa = PBXBuildFile; fileRef = E25BD2C22A3C131800DB8AC4 /* sound-rise.mp3 */; };
		E25BD2C62A3C131800DB8AC4 /* sound-tap.mp3 in Resources */ = {isa = PBXBuildFile; fileRef = E25BD2C32A3C131800DB8AC4 /* sound-tap.mp3 */; };
		E2A33FE02A4039E50011A453 /* NewTaskItemView.swift in Sources */ = {isa = PBXBuildFile; fileRef = E2A33FDF2A4039E50011A453 /* NewTaskItemView.swift */; };
		E2A33FE22A403DF30011A453 /* BlankView.swift in Sources */ = {isa = PBXBuildFile; fileRef = E2A33FE12A403DF30011A453 /* BlankView.swift */; };
		E2A33FE42A4047D40011A453 /* ListRowItemView.swift in Sources */ = {isa = PBXBuildFile; fileRef = E2A33FE32A4047D40011A453 /* ListRowItemView.swift */; };
		E2A33FE62A404A1F0011A453 /* CheckboxStyle.swift in Sources */ = {isa = PBXBuildFile; fileRef = E2A33FE52A404A1F0011A453 /* CheckboxStyle.swift */; };
		E2ADC9AA2A40083D008C8438 /* HideKeyboardExtension.swift in Sources */ = {isa = PBXBuildFile; fileRef = E2ADC9A92A40083D008C8438 /* HideKeyboardExtension.swift */; };
		E2ADC9AC2A40311C008C8438 /* BackgroundImageView.swift in Sources */ = {isa = PBXBuildFile; fileRef = E2ADC9AB2A40311C008C8438 /* BackgroundImageView.swift */; };
		E2B5974A2A3C5004003DE145 /* Constant.swift in Sources */ = {isa = PBXBuildFile; fileRef = E2B597492A3C5004003DE145 /* Constant.swift */; };
/* End PBXBuildFile section */

/* Begin PBXFileReference section */
		E25BD2AB2A3C109000DB8AC4 /* Devote.app */ = {isa = PBXFileReference; explicitFileType = wrapper.application; includeInIndex = 0; path = Devote.app; sourceTree = BUILT_PRODUCTS_DIR; };
		E25BD2AE2A3C109000DB8AC4 /* DevoteApp.swift */ = {isa = PBXFileReference; lastKnownFileType = sourcecode.swift; path = DevoteApp.swift; sourceTree = "<group>"; };
		E25BD2B02A3C109000DB8AC4 /* ContentView.swift */ = {isa = PBXFileReference; lastKnownFileType = sourcecode.swift; path = ContentView.swift; sourceTree = "<group>"; };
		E25BD2B22A3C109600DB8AC4 /* Assets.xcassets */ = {isa = PBXFileReference; lastKnownFileType = folder.assetcatalog; path = Assets.xcassets; sourceTree = "<group>"; };
		E25BD2B52A3C109600DB8AC4 /* Preview Assets.xcassets */ = {isa = PBXFileReference; lastKnownFileType = folder.assetcatalog; path = "Preview Assets.xcassets"; sourceTree = "<group>"; };
		E25BD2B72A3C109600DB8AC4 /* Persistence.swift */ = {isa = PBXFileReference; lastKnownFileType = sourcecode.swift; path = Persistence.swift; sourceTree = "<group>"; };
		E25BD2BA2A3C109600DB8AC4 /* Devote.xcdatamodel */ = {isa = PBXFileReference; lastKnownFileType = wrapper.xcdatamodel; path = Devote.xcdatamodel; sourceTree = "<group>"; };
		E25BD2C12A3C131800DB8AC4 /* sound-ding.mp3 */ = {isa = PBXFileReference; lastKnownFileType = audio.mp3; path = "sound-ding.mp3"; sourceTree = "<group>"; };
		E25BD2C22A3C131800DB8AC4 /* sound-rise.mp3 */ = {isa = PBXFileReference; lastKnownFileType = audio.mp3; path = "sound-rise.mp3"; sourceTree = "<group>"; };
		E25BD2C32A3C131800DB8AC4 /* sound-tap.mp3 */ = {isa = PBXFileReference; lastKnownFileType = audio.mp3; path = "sound-tap.mp3"; sourceTree = "<group>"; };
		E25BD2CD2A3C143000DB8AC4 /* Info.plist */ = {isa = PBXFileReference; lastKnownFileType = text.plist; path = Info.plist; sourceTree = "<group>"; };
		E2A33FDF2A4039E50011A453 /* NewTaskItemView.swift */ = {isa = PBXFileReference; lastKnownFileType = sourcecode.swift; path = NewTaskItemView.swift; sourceTree = "<group>"; };
		E2A33FE12A403DF30011A453 /* BlankView.swift */ = {isa = PBXFileReference; lastKnownFileType = sourcecode.swift; path = BlankView.swift; sourceTree = "<group>"; };
		E2A33FE32A4047D40011A453 /* ListRowItemView.swift */ = {isa = PBXFileReference; lastKnownFileType = sourcecode.swift; path = ListRowItemView.swift; sourceTree = "<group>"; };
		E2A33FE52A404A1F0011A453 /* CheckboxStyle.swift */ = {isa = PBXFileReference; lastKnownFileType = sourcecode.swift; path = CheckboxStyle.swift; sourceTree = "<group>"; };
		E2ADC9A92A40083D008C8438 /* HideKeyboardExtension.swift */ = {isa = PBXFileReference; lastKnownFileType = sourcecode.swift; path = HideKeyboardExtension.swift; sourceTree = "<group>"; };
		E2ADC9AB2A40311C008C8438 /* BackgroundImageView.swift */ = {isa = PBXFileReference; lastKnownFileType = sourcecode.swift; path = BackgroundImageView.swift; sourceTree = "<group>"; };
		E2B597492A3C5004003DE145 /* Constant.swift */ = {isa = PBXFileReference; lastKnownFileType = sourcecode.swift; path = Constant.swift; sourceTree = "<group>"; };
/* End PBXFileReference section */

/* Begin PBXFrameworksBuildPhase section */
		E25BD2A82A3C109000DB8AC4 /* Frameworks */ = {
			isa = PBXFrameworksBuildPhase;
			buildActionMask = 2147483647;
			files = (
			);
			runOnlyForDeploymentPostprocessing = 0;
		};
/* End PBXFrameworksBuildPhase section */

/* Begin PBXGroup section */
		E25BD2A22A3C109000DB8AC4 = {
			isa = PBXGroup;
			children = (
				E25BD2AD2A3C109000DB8AC4 /* Devote */,
				E25BD2AC2A3C109000DB8AC4 /* Products */,
			);
			sourceTree = "<group>";
		};
		E25BD2AC2A3C109000DB8AC4 /* Products */ = {
			isa = PBXGroup;
			children = (
				E25BD2AB2A3C109000DB8AC4 /* Devote.app */,
			);
			name = Products;
			sourceTree = "<group>";
		};
		E25BD2AD2A3C109000DB8AC4 /* Devote */ = {
			isa = PBXGroup;
			children = (
				E25BD2CD2A3C143000DB8AC4 /* Info.plist */,
				E25BD2AE2A3C109000DB8AC4 /* DevoteApp.swift */,
				E25BD2C82A3C133E00DB8AC4 /* View */,
				E25BD2CC2A3C139800DB8AC4 /* Model */,
				E25BD2CB2A3C136400DB8AC4 /* Style */,
				E25BD2CA2A3C135300DB8AC4 /* Utility */,
				E25BD2C92A3C134C00DB8AC4 /* Extension */,
				E25BD2C72A3C133000DB8AC4 /* Sound */,
				E25BD2B22A3C109600DB8AC4 /* Assets.xcassets */,
				E25BD2B42A3C109600DB8AC4 /* Preview Content */,
			);
			path = Devote;
			sourceTree = "<group>";
		};
		E25BD2B42A3C109600DB8AC4 /* Preview Content */ = {
			isa = PBXGroup;
			children = (
				E25BD2B52A3C109600DB8AC4 /* Preview Assets.xcassets */,
			);
			path = "Preview Content";
			sourceTree = "<group>";
		};
		E25BD2C72A3C133000DB8AC4 /* Sound */ = {
			isa = PBXGroup;
			children = (
				E25BD2C12A3C131800DB8AC4 /* sound-ding.mp3 */,
				E25BD2C22A3C131800DB8AC4 /* sound-rise.mp3 */,
				E25BD2C32A3C131800DB8AC4 /* sound-tap.mp3 */,
			);
			path = Sound;
			sourceTree = "<group>";
		};
		E25BD2C82A3C133E00DB8AC4 /* View */ = {
			isa = PBXGroup;
			children = (
				E25BD2B02A3C109000DB8AC4 /* ContentView.swift */,
				E2ADC9AB2A40311C008C8438 /* BackgroundImageView.swift */,
				E2A33FDF2A4039E50011A453 /* NewTaskItemView.swift */,
				E2A33FE12A403DF30011A453 /* BlankView.swift */,
				E2A33FE32A4047D40011A453 /* ListRowItemView.swift */,
			);
			path = View;
			sourceTree = "<group>";
		};
		E25BD2C92A3C134C00DB8AC4 /* Extension */ = {
			isa = PBXGroup;
			children = (
				E2ADC9A92A40083D008C8438 /* HideKeyboardExtension.swift */,
			);
			path = Extension;
			sourceTree = "<group>";
		};
		E25BD2CA2A3C135300DB8AC4 /* Utility */ = {
			isa = PBXGroup;
			children = (
				E2B597492A3C5004003DE145 /* Constant.swift */,
			);
			path = Utility;
			sourceTree = "<group>";
		};
		E25BD2CB2A3C136400DB8AC4 /* Style */ = {
			isa = PBXGroup;
			children = (
				E2A33FE52A404A1F0011A453 /* CheckboxStyle.swift */,
			);
			path = Style;
			sourceTree = "<group>";
		};
		E25BD2CC2A3C139800DB8AC4 /* Model */ = {
			isa = PBXGroup;
			children = (
				E25BD2B72A3C109600DB8AC4 /* Persistence.swift */,
				E25BD2B92A3C109600DB8AC4 /* Devote.xcdatamodeld */,
			);
			path = Model;
			sourceTree = "<group>";
		};
/* End PBXGroup section */

/* Begin PBXNativeTarget section */
		E25BD2AA2A3C109000DB8AC4 /* Devote */ = {
			isa = PBXNativeTarget;
			buildConfigurationList = E25BD2BE2A3C109600DB8AC4 /* Build configuration list for PBXNativeTarget "Devote" */;
			buildPhases = (
				E25BD2A72A3C109000DB8AC4 /* Sources */,
				E25BD2A82A3C109000DB8AC4 /* Frameworks */,
				E25BD2A92A3C109000DB8AC4 /* Resources */,
			);
			buildRules = (
			);
			dependencies = (
			);
			name = Devote;
			productName = Devote;
			productReference = E25BD2AB2A3C109000DB8AC4 /* Devote.app */;
			productType = "com.apple.product-type.application";
		};
/* End PBXNativeTarget section */

/* Begin PBXProject section */
		E25BD2A32A3C109000DB8AC4 /* Project object */ = {
			isa = PBXProject;
			attributes = {
				BuildIndependentTargetsInParallel = 1;
				LastSwiftUpdateCheck = 1430;
				LastUpgradeCheck = 1430;
				TargetAttributes = {
					E25BD2AA2A3C109000DB8AC4 = {
						CreatedOnToolsVersion = 14.3.1;
					};
				};
			};
			buildConfigurationList = E25BD2A62A3C109000DB8AC4 /* Build configuration list for PBXProject "Devote" */;
			compatibilityVersion = "Xcode 14.0";
			developmentRegion = en;
			hasScannedForEncodings = 0;
			knownRegions = (
				en,
				Base,
			);
			mainGroup = E25BD2A22A3C109000DB8AC4;
			productRefGroup = E25BD2AC2A3C109000DB8AC4 /* Products */;
			projectDirPath = "";
			projectRoot = "";
			targets = (
				E25BD2AA2A3C109000DB8AC4 /* Devote */,
			);
		};
/* End PBXProject section */

/* Begin PBXResourcesBuildPhase section */
		E25BD2A92A3C109000DB8AC4 /* Resources */ = {
			isa = PBXResourcesBuildPhase;
			buildActionMask = 2147483647;
			files = (
				E25BD2B62A3C109600DB8AC4 /* Preview Assets.xcassets in Resources */,
				E25BD2C52A3C131800DB8AC4 /* sound-rise.mp3 in Resources */,
				E25BD2B32A3C109600DB8AC4 /* Assets.xcassets in Resources */,
				E25BD2C62A3C131800DB8AC4 /* sound-tap.mp3 in Resources */,
				E25BD2C42A3C131800DB8AC4 /* sound-ding.mp3 in Resources */,
			);
			runOnlyForDeploymentPostprocessing = 0;
		};
/* End PBXResourcesBuildPhase section */

/* Begin PBXSourcesBuildPhase section */
		E25BD2A72A3C109000DB8AC4 /* Sources */ = {
			isa = PBXSourcesBuildPhase;
			buildActionMask = 2147483647;
			files = (
				E25BD2B82A3C109600DB8AC4 /* Persistence.swift in Sources */,
				E2ADC9AC2A40311C008C8438 /* BackgroundImageView.swift in Sources */,
				E25BD2B12A3C109000DB8AC4 /* ContentView.swift in Sources */,
				E2ADC9AA2A40083D008C8438 /* HideKeyboardExtension.swift in Sources */,
				E2A33FE22A403DF30011A453 /* BlankView.swift in Sources */,
				E2B5974A2A3C5004003DE145 /* Constant.swift in Sources */,
				E2A33FE42A4047D40011A453 /* ListRowItemView.swift in Sources */,
				E25BD2BB2A3C109600DB8AC4 /* Devote.xcdatamodeld in Sources */,
				E25BD2AF2A3C109000DB8AC4 /* DevoteApp.swift in Sources */,
				E2A33FE62A404A1F0011A453 /* CheckboxStyle.swift in Sources */,
				E2A33FE02A4039E50011A453 /* NewTaskItemView.swift in Sources */,
			);
			runOnlyForDeploymentPostprocessing = 0;
		};
/* End PBXSourcesBuildPhase section */

/* Begin XCBuildConfiguration section */
		E25BD2BC2A3C109600DB8AC4 /* Debug */ = {
			isa = XCBuildConfiguration;
			buildSettings = {
				ALWAYS_SEARCH_USER_PATHS = NO;
				CLANG_ANALYZER_NONNULL = YES;
				CLANG_ANALYZER_NUMBER_OBJECT_CONVERSION = YES_AGGRESSIVE;
				CLANG_CXX_LANGUAGE_STANDARD = "gnu++20";
				CLANG_ENABLE_MODULES = YES;
				CLANG_ENABLE_OBJC_ARC = YES;
				CLANG_ENABLE_OBJC_WEAK = YES;
				CLANG_WARN_BLOCK_CAPTURE_AUTORELEASING = YES;
				CLANG_WARN_BOOL_CONVERSION = YES;
				CLANG_WARN_COMMA = YES;
				CLANG_WARN_CONSTANT_CONVERSION = YES;
				CLANG_WARN_DEPRECATED_OBJC_IMPLEMENTATIONS = YES;
				CLANG_WARN_DIRECT_OBJC_ISA_USAGE = YES_ERROR;
				CLANG_WARN_DOCUMENTATION_COMMENTS = YES;
				CLANG_WARN_EMPTY_BODY = YES;
				CLANG_WARN_ENUM_CONVERSION = YES;
				CLANG_WARN_INFINITE_RECURSION = YES;
				CLANG_WARN_INT_CONVERSION = YES;
				CLANG_WARN_NON_LITERAL_NULL_CONVERSION = YES;
				CLANG_WARN_OBJC_IMPLICIT_RETAIN_SELF = YES;
				CLANG_WARN_OBJC_LITERAL_CONVERSION = YES;
				CLANG_WARN_OBJC_ROOT_CLASS = YES_ERROR;
				CLANG_WARN_QUOTED_INCLUDE_IN_FRAMEWORK_HEADER = YES;
				CLANG_WARN_RANGE_LOOP_ANALYSIS = YES;
				CLANG_WARN_STRICT_PROTOTYPES = YES;
				CLANG_WARN_SUSPICIOUS_MOVE = YES;
				CLANG_WARN_UNGUARDED_AVAILABILITY = YES_AGGRESSIVE;
				CLANG_WARN_UNREACHABLE_CODE = YES;
				CLANG_WARN__DUPLICATE_METHOD_MATCH = YES;
				COPY_PHASE_STRIP = NO;
				DEBUG_INFORMATION_FORMAT = dwarf;
				ENABLE_STRICT_OBJC_MSGSEND = YES;
				ENABLE_TESTABILITY = YES;
				GCC_C_LANGUAGE_STANDARD = gnu11;
				GCC_DYNAMIC_NO_PIC = NO;
				GCC_NO_COMMON_BLOCKS = YES;
				GCC_OPTIMIZATION_LEVEL = 0;
				GCC_PREPROCESSOR_DEFINITIONS = (
					"DEBUG=1",
					"$(inherited)",
				);
				GCC_WARN_64_TO_32_BIT_CONVERSION = YES;
				GCC_WARN_ABOUT_RETURN_TYPE = YES_ERROR;
				GCC_WARN_UNDECLARED_SELECTOR = YES;
				GCC_WARN_UNINITIALIZED_AUTOS = YES_AGGRESSIVE;
				GCC_WARN_UNUSED_FUNCTION = YES;
				GCC_WARN_UNUSED_VARIABLE = YES;
				IPHONEOS_DEPLOYMENT_TARGET = 16.4;
				MTL_ENABLE_DEBUG_INFO = INCLUDE_SOURCE;
				MTL_FAST_MATH = YES;
				ONLY_ACTIVE_ARCH = YES;
				SDKROOT = iphoneos;
				SWIFT_ACTIVE_COMPILATION_CONDITIONS = DEBUG;
				SWIFT_OPTIMIZATION_LEVEL = "-Onone";
			};
			name = Debug;
		};
		E25BD2BD2A3C109600DB8AC4 /* Release */ = {
			isa = XCBuildConfiguration;
			buildSettings = {
				ALWAYS_SEARCH_USER_PATHS = NO;
				CLANG_ANALYZER_NONNULL = YES;
				CLANG_ANALYZER_NUMBER_OBJECT_CONVERSION = YES_AGGRESSIVE;
				CLANG_CXX_LANGUAGE_STANDARD = "gnu++20";
				CLANG_ENABLE_MODULES = YES;
				CLANG_ENABLE_OBJC_ARC = YES;
				CLANG_ENABLE_OBJC_WEAK = YES;
				CLANG_WARN_BLOCK_CAPTURE_AUTORELEASING = YES;
				CLANG_WARN_BOOL_CONVERSION = YES;
				CLANG_WARN_COMMA = YES;
				CLANG_WARN_CONSTANT_CONVERSION = YES;
				CLANG_WARN_DEPRECATED_OBJC_IMPLEMENTATIONS = YES;
				CLANG_WARN_DIRECT_OBJC_ISA_USAGE = YES_ERROR;
				CLANG_WARN_DOCUMENTATION_COMMENTS = YES;
				CLANG_WARN_EMPTY_BODY = YES;
				CLANG_WARN_ENUM_CONVERSION = YES;
				CLANG_WARN_INFINITE_RECURSION = YES;
				CLANG_WARN_INT_CONVERSION = YES;
				CLANG_WARN_NON_LITERAL_NULL_CONVERSION = YES;
				CLANG_WARN_OBJC_IMPLICIT_RETAIN_SELF = YES;
				CLANG_WARN_OBJC_LITERAL_CONVERSION = YES;
				CLANG_WARN_OBJC_ROOT_CLASS = YES_ERROR;
				CLANG_WARN_QUOTED_INCLUDE_IN_FRAMEWORK_HEADER = YES;
				CLANG_WARN_RANGE_LOOP_ANALYSIS = YES;
				CLANG_WARN_STRICT_PROTOTYPES = YES;
				CLANG_WARN_SUSPICIOUS_MOVE = YES;
				CLANG_WARN_UNGUARDED_AVAILABILITY = YES_AGGRESSIVE;
				CLANG_WARN_UNREACHABLE_CODE = YES;
				CLANG_WARN__DUPLICATE_METHOD_MATCH = YES;
				COPY_PHASE_STRIP = NO;
				DEBUG_INFORMATION_FORMAT = "dwarf-with-dsym";
				ENABLE_NS_ASSERTIONS = NO;
				ENABLE_STRICT_OBJC_MSGSEND = YES;
				GCC_C_LANGUAGE_STANDARD = gnu11;
				GCC_NO_COMMON_BLOCKS = YES;
				GCC_WARN_64_TO_32_BIT_CONVERSION = YES;
				GCC_WARN_ABOUT_RETURN_TYPE = YES_ERROR;
				GCC_WARN_UNDECLARED_SELECTOR = YES;
				GCC_WARN_UNINITIALIZED_AUTOS = YES_AGGRESSIVE;
				GCC_WARN_UNUSED_FUNCTION = YES;
				GCC_WARN_UNUSED_VARIABLE = YES;
				IPHONEOS_DEPLOYMENT_TARGET = 16.4;
				MTL_ENABLE_DEBUG_INFO = NO;
				MTL_FAST_MATH = YES;
				SDKROOT = iphoneos;
				SWIFT_COMPILATION_MODE = wholemodule;
				SWIFT_OPTIMIZATION_LEVEL = "-O";
				VALIDATE_PRODUCT = YES;
			};
			name = Release;
		};
		E25BD2BF2A3C109600DB8AC4 /* Debug */ = {
			isa = XCBuildConfiguration;
			buildSettings = {
				ASSETCATALOG_COMPILER_APPICON_NAME = AppIcon;
				ASSETCATALOG_COMPILER_GLOBAL_ACCENT_COLOR_NAME = AccentColor;
				CODE_SIGN_STYLE = Automatic;
				CURRENT_PROJECT_VERSION = 1;
				DEVELOPMENT_ASSET_PATHS = "\"Devote/Preview Content\"";
				DEVELOPMENT_TEAM = 2WY4RH7F35;
				ENABLE_PREVIEWS = YES;
				GENERATE_INFOPLIST_FILE = YES;
				INFOPLIST_FILE = Devote/Info.plist;
				INFOPLIST_KEY_UIApplicationSceneManifest_Generation = YES;
				INFOPLIST_KEY_UIApplicationSupportsIndirectInputEvents = YES;
				INFOPLIST_KEY_UILaunchScreen_Generation = YES;
				INFOPLIST_KEY_UISupportedInterfaceOrientations = UIInterfaceOrientationPortrait;
				IPHONEOS_DEPLOYMENT_TARGET = 15.0;
				LD_RUNPATH_SEARCH_PATHS = (
					"$(inherited)",
					"@executable_path/Frameworks",
				);
				MARKETING_VERSION = 1.0;
				PRODUCT_BUNDLE_IDENTIFIER = com.masami.Devote;
				PRODUCT_NAME = "$(TARGET_NAME)";
				SWIFT_EMIT_LOC_STRINGS = YES;
				SWIFT_VERSION = 5.0;
				TARGETED_DEVICE_FAMILY = "1,2";
			};
			name = Debug;
		};
		E25BD2C02A3C109600DB8AC4 /* Release */ = {
			isa = XCBuildConfiguration;
			buildSettings = {
				ASSETCATALOG_COMPILER_APPICON_NAME = AppIcon;
				ASSETCATALOG_COMPILER_GLOBAL_ACCENT_COLOR_NAME = AccentColor;
				CODE_SIGN_STYLE = Automatic;
				CURRENT_PROJECT_VERSION = 1;
				DEVELOPMENT_ASSET_PATHS = "\"Devote/Preview Content\"";
				DEVELOPMENT_TEAM = 2WY4RH7F35;
				ENABLE_PREVIEWS = YES;
				GENERATE_INFOPLIST_FILE = YES;
				INFOPLIST_FILE = Devote/Info.plist;
				INFOPLIST_KEY_UIApplicationSceneManifest_Generation = YES;
				INFOPLIST_KEY_UIApplicationSupportsIndirectInputEvents = YES;
				INFOPLIST_KEY_UILaunchScreen_Generation = YES;
				INFOPLIST_KEY_UISupportedInterfaceOrientations = UIInterfaceOrientationPortrait;
				IPHONEOS_DEPLOYMENT_TARGET = 15.0;
				LD_RUNPATH_SEARCH_PATHS = (
					"$(inherited)",
					"@executable_path/Frameworks",
				);
				MARKETING_VERSION = 1.0;
				PRODUCT_BUNDLE_IDENTIFIER = com.masami.Devote;
				PRODUCT_NAME = "$(TARGET_NAME)";
				SWIFT_EMIT_LOC_STRINGS = YES;
				SWIFT_VERSION = 5.0;
				TARGETED_DEVICE_FAMILY = "1,2";
			};
			name = Release;
		};
/* End XCBuildConfiguration section */

/* Begin XCConfigurationList section */
		E25BD2A62A3C109000DB8AC4 /* Build configuration list for PBXProject "Devote" */ = {
			isa = XCConfigurationList;
			buildConfigurations = (
				E25BD2BC2A3C109600DB8AC4 /* Debug */,
				E25BD2BD2A3C109600DB8AC4 /* Release */,
			);
			defaultConfigurationIsVisible = 0;
			defaultConfigurationName = Release;
		};
		E25BD2BE2A3C109600DB8AC4 /* Build configuration list for PBXNativeTarget "Devote" */ = {
			isa = XCConfigurationList;
			buildConfigurations = (
				E25BD2BF2A3C109600DB8AC4 /* Debug */,
				E25BD2C02A3C109600DB8AC4 /* Release */,
			);
			defaultConfigurationIsVisible = 0;
			defaultConfigurationName = Release;
		};
/* End XCConfigurationList section */

/* Begin XCVersionGroup section */
		E25BD2B92A3C109600DB8AC4 /* Devote.xcdatamodeld */ = {
			isa = XCVersionGroup;
			children = (
				E25BD2BA2A3C109600DB8AC4 /* Devote.xcdatamodel */,
			);
			currentVersion = E25BD2BA2A3C109600DB8AC4 /* Devote.xcdatamodel */;
			path = Devote.xcdatamodeld;
			sourceTree = "<group>";
			versionGroupType = wrapper.xcdatamodel;
		};
/* End XCVersionGroup section */
	};
	rootObject = E25BD2A32A3C109000DB8AC4 /* Project object */;
}
